
Microsoft Visual Studio Solution File, Format Version 12.00
# Visual Studio Version 16
VisualStudioVersion = 16.0.29609.76
MinimumVisualStudioVersion = 10.0.40219.1
Project("{FAE04EC0-301F-11D3-BF4B-00C04F79EFBC}") = "Praktika3", "Praktika3\Praktika3.csproj", "{92A73B9C-EF5B-415B-9C27-3882E5724D38}"
EndProject
Global
	GlobalSection(SolutionConfigurationPlatforms) = preSolution
		Debug|Any CPU = Debug|Any CPU
		Release|Any CPU = Release|Any CPU
	EndGlobalSection
	GlobalSection(ProjectConfigurationPlatforms) = postSolution
		{92A73B9C-EF5B-415B-9C27-3882E5724D38}.Debug|Any CPU.ActiveCfg = Debug|Any CPU
		{92A73B9C-EF5B-415B-9C27-3882E5724D38}.Debug|Any CPU.Build.0 = Debug|Any CPU
		{92A73B9C-EF5B-415B-9C27-3882E5724D38}.Release|Any CPU.ActiveCfg = Release|Any CPU
		{92A73B9C-EF5B-415B-9C27-3882E5724D38}.Release|Any CPU.Build.0 = Release|Any CPU
	EndGlobalSection
	GlobalSection(SolutionProperties) = preSolution
		HideSolutionNode = FALSE
	EndGlobalSection
	GlobalSection(ExtensibilityGlobals) = postSolution
		SolutionGuid = {3DD3EA9A-EEAC-4EB6-8A97-E66703884C2A}
	EndGlobalSection
EndGlobal
